# generated by rye
# use `rye lock` or `rye sync` to update this lockfile
#
# last locked with the following flags:
#   pre: false
#   features: []
#   all-features: false
#   with-sources: false
#   generate-hashes: false

-e file:.
contourpy==1.2.1
    # via matplotlib
cvxopt==1.3.2
    # via exercise
cycler==0.12.1
    # via matplotlib
fonttools==4.52.1
    # via matplotlib
kiwisolver==1.4.5
    # via matplotlib
matplotlib==3.9.0
    # via exercise
mypy==1.10.0
    # via exercise
mypy-extensions==1.0.0
    # via mypy
numpy==1.26.4
    # via contourpy
    # via exercise
    # via matplotlib
    # via pandas
    # via scipy
packaging==24.0
    # via matplotlib
pandas==2.2.2
    # via exercise
pillow==10.3.0
    # via matplotlib
pyparsing==3.1.2
    # via matplotlib
python-dateutil==2.9.0.post0
    # via matplotlib
    # via pandas
pytz==2024.1
    # via pandas
scipy==1.14.0
    # via exercise
six==1.16.0
    # via python-dateutil
typing-extensions==4.12.0
    # via mypy
tzdata==2024.1
    # via pandas
